
Microsoft Visual Studio Solution File, Format Version 12.00
# Visual Studio 2013
VisualStudioVersion = 12.0.21005.1
MinimumVisualStudioVersion = 10.0.40219.1
Project("{FAE04EC0-301F-11D3-BF4B-00C04F79EFBC}") = "SmartCache", "SmartCache\SmartCache.csproj", "{80A2C5B1-063C-44CE-B99D-F6CE3149CDA2}"
EndProject
Project("{FAE04EC0-301F-11D3-BF4B-00C04F79EFBC}") = "TestApp", "TestApp\TestApp.csproj", "{B1C4DF79-C9F8-46B6-9A23-27B01695E5DB}"
EndProject
Project("{2150E333-8FDC-42A3-9474-1A3956D46DE8}") = "Solution Items", "Solution Items", "{B82E3C6D-63C7-4585-8BB0-410F8E4B5450}"
EndProject
Global
	GlobalSection(SolutionConfigurationPlatforms) = preSolution
		Debug|Any CPU = Debug|Any CPU
		Release|Any CPU = Release|Any CPU
	EndGlobalSection
	GlobalSection(ProjectConfigurationPlatforms) = postSolution
		{80A2C5B1-063C-44CE-B99D-F6CE3149CDA2}.Debug|Any CPU.ActiveCfg = Debug|Any CPU
		{80A2C5B1-063C-44CE-B99D-F6CE3149CDA2}.Debug|Any CPU.Build.0 = Debug|Any CPU
		{80A2C5B1-063C-44CE-B99D-F6CE3149CDA2}.Release|Any CPU.ActiveCfg = Release|Any CPU
		{80A2C5B1-063C-44CE-B99D-F6CE3149CDA2}.Release|Any CPU.Build.0 = Release|Any CPU
		{B1C4DF79-C9F8-46B6-9A23-27B01695E5DB}.Debug|Any CPU.ActiveCfg = Debug|Any CPU
		{B1C4DF79-C9F8-46B6-9A23-27B01695E5DB}.Debug|Any CPU.Build.0 = Debug|Any CPU
		{B1C4DF79-C9F8-46B6-9A23-27B01695E5DB}.Release|Any CPU.ActiveCfg = Release|Any CPU
		{B1C4DF79-C9F8-46B6-9A23-27B01695E5DB}.Release|Any CPU.Build.0 = Release|Any CPU
	EndGlobalSection
	GlobalSection(SolutionProperties) = preSolution
		HideSolutionNode = FALSE
	EndGlobalSection
EndGlobal
